
Microsoft Visual Studio Solution File, Format Version 12.00
# Visual Studio Version 17
VisualStudioVersion = 17.6.33815.320
MinimumVisualStudioVersion = 10.0.40219.1
Project("{FAE04EC0-301F-11D3-BF4B-00C04F79EFBC}") = "Binarysearch1.16", "Binarysearch1.16.csproj", "{D81E5621-0669-4BF9-83BA-F849C251EE3A}"
EndProject
Global
	GlobalSection(SolutionConfigurationPlatforms) = preSolution
		Debug|Any CPU = Debug|Any CPU
		Release|Any CPU = Release|Any CPU
	EndGlobalSection
	GlobalSection(ProjectConfigurationPlatforms) = postSolution
		{D81E5621-0669-4BF9-83BA-F849C251EE3A}.Debug|Any CPU.ActiveCfg = Debug|Any CPU
		{D81E5621-0669-4BF9-83BA-F849C251EE3A}.Debug|Any CPU.Build.0 = Debug|Any CPU
		{D81E5621-0669-4BF9-83BA-F849C251EE3A}.Release|Any CPU.ActiveCfg = Release|Any CPU
		{D81E5621-0669-4BF9-83BA-F849C251EE3A}.Release|Any CPU.Build.0 = Release|Any CPU
	EndGlobalSection
	GlobalSection(SolutionProperties) = preSolution
		HideSolutionNode = FALSE
	EndGlobalSection
	GlobalSection(ExtensibilityGlobals) = postSolution
		SolutionGuid = {3D811602-944C-4C4B-8899-500974A691A3}
	EndGlobalSection
EndGlobal
